
Microsoft Visual Studio Solution File, Format Version 12.00
# Visual Studio Version 17
VisualStudioVersion = 17.9.34728.123
MinimumVisualStudioVersion = 10.0.40219.1
Project("{8BC9CEB8-8B4A-11D0-8D11-00A0C91BC942}") = "Project14", "Project14\Project14.vcxproj", "{B52C8EE2-1676-4AE8-B41A-561D9B6A45BC}"
EndProject
Global
	GlobalSection(SolutionConfigurationPlatforms) = preSolution
		Debug|x64 = Debug|x64
		Debug|x86 = Debug|x86
		Release|x64 = Release|x64
		Release|x86 = Release|x86
	EndGlobalSection
	GlobalSection(ProjectConfigurationPlatforms) = postSolution
		{B52C8EE2-1676-4AE8-B41A-561D9B6A45BC}.Debug|x64.ActiveCfg = Debug|x64
		{B52C8EE2-1676-4AE8-B41A-561D9B6A45BC}.Debug|x64.Build.0 = Debug|x64
		{B52C8EE2-1676-4AE8-B41A-561D9B6A45BC}.Debug|x86.ActiveCfg = Debug|Win32
		{B52C8EE2-1676-4AE8-B41A-561D9B6A45BC}.Debug|x86.Build.0 = Debug|Win32
		{B52C8EE2-1676-4AE8-B41A-561D9B6A45BC}.Release|x64.ActiveCfg = Release|x64
		{B52C8EE2-1676-4AE8-B41A-561D9B6A45BC}.Release|x64.Build.0 = Release|x64
		{B52C8EE2-1676-4AE8-B41A-561D9B6A45BC}.Release|x86.ActiveCfg = Release|Win32
		{B52C8EE2-1676-4AE8-B41A-561D9B6A45BC}.Release|x86.Build.0 = Release|Win32
	EndGlobalSection
	GlobalSection(SolutionProperties) = preSolution
		HideSolutionNode = FALSE
	EndGlobalSection
	GlobalSection(ExtensibilityGlobals) = postSolution
		SolutionGuid = {703EA01C-C01A-491F-9BFB-9D2A627F8785}
	EndGlobalSection
EndGlobal
